
Microsoft Visual Studio Solution File, Format Version 12.00
# Visual Studio Version 17
VisualStudioVersion = 17.3.32929.385
MinimumVisualStudioVersion = 10.0.40219.1
Project("{F184B08F-C81C-45F6-A57F-5ABD9991F28F}") = "Boletin5", "Boletin5\Boletin5.vbproj", "{B7CF9E13-7D57-4409-912C-8882B9BBB0AD}"
EndProject
Global
	GlobalSection(SolutionConfigurationPlatforms) = preSolution
		Debug|Any CPU = Debug|Any CPU
		Release|Any CPU = Release|Any CPU
	EndGlobalSection
	GlobalSection(ProjectConfigurationPlatforms) = postSolution
		{B7CF9E13-7D57-4409-912C-8882B9BBB0AD}.Debug|Any CPU.ActiveCfg = Debug|Any CPU
		{B7CF9E13-7D57-4409-912C-8882B9BBB0AD}.Debug|Any CPU.Build.0 = Debug|Any CPU
		{B7CF9E13-7D57-4409-912C-8882B9BBB0AD}.Release|Any CPU.ActiveCfg = Release|Any CPU
		{B7CF9E13-7D57-4409-912C-8882B9BBB0AD}.Release|Any CPU.Build.0 = Release|Any CPU
	EndGlobalSection
	GlobalSection(SolutionProperties) = preSolution
		HideSolutionNode = FALSE
	EndGlobalSection
	GlobalSection(ExtensibilityGlobals) = postSolution
		SolutionGuid = {2E954834-C8A3-4356-AD63-A7AC25BD4CA3}
	EndGlobalSection
EndGlobal
