
Microsoft Visual Studio Solution File, Format Version 12.00
# Visual Studio Version 16
VisualStudioVersion = 16.0.30114.105
MinimumVisualStudioVersion = 10.0.40219.1
Project("{F184B08F-C81C-45F6-A57F-5ABD9991F28F}") = "Refuerzo28Septbre", "Refuerzo28Septbre\Refuerzo28Septbre.vbproj", "{A2B5D7C6-211F-4F3A-A844-41ADA6318A58}"
EndProject
Global
	GlobalSection(SolutionConfigurationPlatforms) = preSolution
		Debug|Any CPU = Debug|Any CPU
		Release|Any CPU = Release|Any CPU
	EndGlobalSection
	GlobalSection(ProjectConfigurationPlatforms) = postSolution
		{A2B5D7C6-211F-4F3A-A844-41ADA6318A58}.Debug|Any CPU.ActiveCfg = Debug|Any CPU
		{A2B5D7C6-211F-4F3A-A844-41ADA6318A58}.Debug|Any CPU.Build.0 = Debug|Any CPU
		{A2B5D7C6-211F-4F3A-A844-41ADA6318A58}.Release|Any CPU.ActiveCfg = Release|Any CPU
		{A2B5D7C6-211F-4F3A-A844-41ADA6318A58}.Release|Any CPU.Build.0 = Release|Any CPU
	EndGlobalSection
	GlobalSection(SolutionProperties) = preSolution
		HideSolutionNode = FALSE
	EndGlobalSection
	GlobalSection(ExtensibilityGlobals) = postSolution
		SolutionGuid = {B0CDD13A-62AA-48C8-92E6-45BF006BE89B}
	EndGlobalSection
EndGlobal
