
Microsoft Visual Studio Solution File, Format Version 12.00
# Visual Studio Version 16
VisualStudioVersion = 16.0.30114.105
MinimumVisualStudioVersion = 10.0.40219.1
Project("{F184B08F-C81C-45F6-A57F-5ABD9991F28F}") = "Boletin", "Boletin\Boletin.vbproj", "{504A2811-4945-4A11-9E1E-07443645DFDB}"
EndProject
Global
	GlobalSection(SolutionConfigurationPlatforms) = preSolution
		Debug|Any CPU = Debug|Any CPU
		Release|Any CPU = Release|Any CPU
	EndGlobalSection
	GlobalSection(ProjectConfigurationPlatforms) = postSolution
		{504A2811-4945-4A11-9E1E-07443645DFDB}.Debug|Any CPU.ActiveCfg = Debug|Any CPU
		{504A2811-4945-4A11-9E1E-07443645DFDB}.Debug|Any CPU.Build.0 = Debug|Any CPU
		{504A2811-4945-4A11-9E1E-07443645DFDB}.Release|Any CPU.ActiveCfg = Release|Any CPU
		{504A2811-4945-4A11-9E1E-07443645DFDB}.Release|Any CPU.Build.0 = Release|Any CPU
	EndGlobalSection
	GlobalSection(SolutionProperties) = preSolution
		HideSolutionNode = FALSE
	EndGlobalSection
	GlobalSection(ExtensibilityGlobals) = postSolution
		SolutionGuid = {E94FCCF0-8C0C-49FC-B6D4-F6AD9DEBFB77}
	EndGlobalSection
EndGlobal
