
Microsoft Visual Studio Solution File, Format Version 12.00
# Visual Studio Version 16
VisualStudioVersion = 16.0.30114.105
MinimumVisualStudioVersion = 10.0.40219.1
Project("{F184B08F-C81C-45F6-A57F-5ABD9991F28F}") = "Refuerzo5Octubre", "Refuerzo5Octubre\Refuerzo5Octubre.vbproj", "{8758F3E0-5D6F-4066-A539-A14ECCF04C39}"
EndProject
Global
	GlobalSection(SolutionConfigurationPlatforms) = preSolution
		Debug|Any CPU = Debug|Any CPU
		Release|Any CPU = Release|Any CPU
	EndGlobalSection
	GlobalSection(ProjectConfigurationPlatforms) = postSolution
		{8758F3E0-5D6F-4066-A539-A14ECCF04C39}.Debug|Any CPU.ActiveCfg = Debug|Any CPU
		{8758F3E0-5D6F-4066-A539-A14ECCF04C39}.Debug|Any CPU.Build.0 = Debug|Any CPU
		{8758F3E0-5D6F-4066-A539-A14ECCF04C39}.Release|Any CPU.ActiveCfg = Release|Any CPU
		{8758F3E0-5D6F-4066-A539-A14ECCF04C39}.Release|Any CPU.Build.0 = Release|Any CPU
	EndGlobalSection
	GlobalSection(SolutionProperties) = preSolution
		HideSolutionNode = FALSE
	EndGlobalSection
	GlobalSection(ExtensibilityGlobals) = postSolution
		SolutionGuid = {4E9E1D5F-1013-410F-A6DE-66DBA20A06B5}
	EndGlobalSection
EndGlobal
