
Microsoft Visual Studio Solution File, Format Version 12.00
# Visual Studio Version 16
VisualStudioVersion = 16.0.30503.244
MinimumVisualStudioVersion = 10.0.40219.1
Project("{F184B08F-C81C-45F6-A57F-5ABD9991F28F}") = "BoletinGuia", "BoletinGuia.vbproj", "{3AFF3F80-8F6C-498E-AC09-38E343455284}"
EndProject
Global
	GlobalSection(SolutionConfigurationPlatforms) = preSolution
		Debug|Any CPU = Debug|Any CPU
		Release|Any CPU = Release|Any CPU
	EndGlobalSection
	GlobalSection(ProjectConfigurationPlatforms) = postSolution
		{3AFF3F80-8F6C-498E-AC09-38E343455284}.Debug|Any CPU.ActiveCfg = Debug|Any CPU
		{3AFF3F80-8F6C-498E-AC09-38E343455284}.Debug|Any CPU.Build.0 = Debug|Any CPU
		{3AFF3F80-8F6C-498E-AC09-38E343455284}.Release|Any CPU.ActiveCfg = Release|Any CPU
		{3AFF3F80-8F6C-498E-AC09-38E343455284}.Release|Any CPU.Build.0 = Release|Any CPU
	EndGlobalSection
	GlobalSection(SolutionProperties) = preSolution
		HideSolutionNode = FALSE
	EndGlobalSection
	GlobalSection(ExtensibilityGlobals) = postSolution
		SolutionGuid = {DEBB538D-4671-4796-A971-B4ECE0BCF9F1}
	EndGlobalSection
EndGlobal
