
Microsoft Visual Studio Solution File, Format Version 12.00
# Visual Studio Version 16
VisualStudioVersion = 16.0.30114.105
MinimumVisualStudioVersion = 10.0.40219.1
Project("{F184B08F-C81C-45F6-A57F-5ABD9991F28F}") = "BoletinTema1", "BoletinTema1\BoletinTema1.vbproj", "{FA4D39E6-A32E-4762-AEC1-55FD8C3A338E}"
EndProject
Global
	GlobalSection(SolutionConfigurationPlatforms) = preSolution
		Debug|Any CPU = Debug|Any CPU
		Release|Any CPU = Release|Any CPU
	EndGlobalSection
	GlobalSection(ProjectConfigurationPlatforms) = postSolution
		{FA4D39E6-A32E-4762-AEC1-55FD8C3A338E}.Debug|Any CPU.ActiveCfg = Debug|Any CPU
		{FA4D39E6-A32E-4762-AEC1-55FD8C3A338E}.Debug|Any CPU.Build.0 = Debug|Any CPU
		{FA4D39E6-A32E-4762-AEC1-55FD8C3A338E}.Release|Any CPU.ActiveCfg = Release|Any CPU
		{FA4D39E6-A32E-4762-AEC1-55FD8C3A338E}.Release|Any CPU.Build.0 = Release|Any CPU
	EndGlobalSection
	GlobalSection(SolutionProperties) = preSolution
		HideSolutionNode = FALSE
	EndGlobalSection
	GlobalSection(ExtensibilityGlobals) = postSolution
		SolutionGuid = {3014E11D-24C8-4AE5-B29A-3EBA032E2311}
	EndGlobalSection
EndGlobal
